
Microsoft Visual Studio Solution File, Format Version 12.00
# Visual Studio Version 16
VisualStudioVersion = 16.0.30907.101
MinimumVisualStudioVersion = 10.0.40219.1
Project("{FAE04EC0-301F-11D3-BF4B-00C04F79EFBC}") = "WPF-GUI-04", "WPF-GUI-04.csproj", "{9080753D-4825-47E2-899F-D507A16A47DE}"
EndProject
Global
	GlobalSection(SolutionConfigurationPlatforms) = preSolution
		Debug|Any CPU = Debug|Any CPU
		Release|Any CPU = Release|Any CPU
	EndGlobalSection
	GlobalSection(ProjectConfigurationPlatforms) = postSolution
		{9080753D-4825-47E2-899F-D507A16A47DE}.Debug|Any CPU.ActiveCfg = Debug|Any CPU
		{9080753D-4825-47E2-899F-D507A16A47DE}.Debug|Any CPU.Build.0 = Debug|Any CPU
		{9080753D-4825-47E2-899F-D507A16A47DE}.Release|Any CPU.ActiveCfg = Release|Any CPU
		{9080753D-4825-47E2-899F-D507A16A47DE}.Release|Any CPU.Build.0 = Release|Any CPU
	EndGlobalSection
	GlobalSection(SolutionProperties) = preSolution
		HideSolutionNode = FALSE
	EndGlobalSection
	GlobalSection(ExtensibilityGlobals) = postSolution
		SolutionGuid = {5D0607E2-CC4A-4A6D-9643-3BCA0B4FBD77}
	EndGlobalSection
EndGlobal
